
Microsoft Visual Studio Solution File, Format Version 12.00
# Visual Studio Version 17
VisualStudioVersion = 17.5.33502.453
MinimumVisualStudioVersion = 10.0.40219.1
Project("{FAE04EC0-301F-11D3-BF4B-00C04F79EFBC}") = "CombineFiles", "CombineFiles\CombineFiles.csproj", "{36734591-704B-422C-B7D8-F0A114714ECF}"
EndProject
Project("{FAE04EC0-301F-11D3-BF4B-00C04F79EFBC}") = "TestCombineFIles", "TestCombineFIles\TestCombineFIles.csproj", "{8D653CA4-D739-4CDA-B996-35A420DF2335}"
EndProject
Project("{FAE04EC0-301F-11D3-BF4B-00C04F79EFBC}") = "Lib", "Lib\Lib.csproj", "{F3F93467-5842-4B40-9FEE-15D46F7CEF74}"
EndProject
Global
	GlobalSection(SolutionConfigurationPlatforms) = preSolution
		Debug|Any CPU = Debug|Any CPU
		Release|Any CPU = Release|Any CPU
	EndGlobalSection
	GlobalSection(ProjectConfigurationPlatforms) = postSolution
		{36734591-704B-422C-B7D8-F0A114714ECF}.Debug|Any CPU.ActiveCfg = Debug|Any CPU
		{36734591-704B-422C-B7D8-F0A114714ECF}.Debug|Any CPU.Build.0 = Debug|Any CPU
		{36734591-704B-422C-B7D8-F0A114714ECF}.Release|Any CPU.ActiveCfg = Release|Any CPU
		{36734591-704B-422C-B7D8-F0A114714ECF}.Release|Any CPU.Build.0 = Release|Any CPU
		{8D653CA4-D739-4CDA-B996-35A420DF2335}.Debug|Any CPU.ActiveCfg = Debug|Any CPU
		{8D653CA4-D739-4CDA-B996-35A420DF2335}.Debug|Any CPU.Build.0 = Debug|Any CPU
		{8D653CA4-D739-4CDA-B996-35A420DF2335}.Release|Any CPU.ActiveCfg = Release|Any CPU
		{8D653CA4-D739-4CDA-B996-35A420DF2335}.Release|Any CPU.Build.0 = Release|Any CPU
		{F3F93467-5842-4B40-9FEE-15D46F7CEF74}.Debug|Any CPU.ActiveCfg = Debug|Any CPU
		{F3F93467-5842-4B40-9FEE-15D46F7CEF74}.Debug|Any CPU.Build.0 = Debug|Any CPU
		{F3F93467-5842-4B40-9FEE-15D46F7CEF74}.Release|Any CPU.ActiveCfg = Release|Any CPU
		{F3F93467-5842-4B40-9FEE-15D46F7CEF74}.Release|Any CPU.Build.0 = Release|Any CPU
	EndGlobalSection
	GlobalSection(SolutionProperties) = preSolution
		HideSolutionNode = FALSE
	EndGlobalSection
	GlobalSection(ExtensibilityGlobals) = postSolution
		SolutionGuid = {7AA9209C-2921-4E18-B8CD-319D4CD13FEB}
	EndGlobalSection
EndGlobal
